
Microsoft Visual Studio Solution File, Format Version 12.00
# Visual Studio Version 17
VisualStudioVersion = 17.13.35825.156 d17.13
MinimumVisualStudioVersion = 10.0.40219.1
Project("{FAE04EC0-301F-11D3-BF4B-00C04F79EFBC}") = "AccountService", "AccountService\AccountService.csproj", "{6EBCE052-DE1C-4D76-B0D6-E354ADE5C2B8}"
EndProject
Global
	GlobalSection(SolutionConfigurationPlatforms) = preSolution
		Debug|Any CPU = Debug|Any CPU
		Release|Any CPU = Release|Any CPU
	EndGlobalSection
	GlobalSection(ProjectConfigurationPlatforms) = postSolution
		{6EBCE052-DE1C-4D76-B0D6-E354ADE5C2B8}.Debug|Any CPU.ActiveCfg = Debug|Any CPU
		{6EBCE052-DE1C-4D76-B0D6-E354ADE5C2B8}.Debug|Any CPU.Build.0 = Debug|Any CPU
		{6EBCE052-DE1C-4D76-B0D6-E354ADE5C2B8}.Release|Any CPU.ActiveCfg = Release|Any CPU
		{6EBCE052-DE1C-4D76-B0D6-E354ADE5C2B8}.Release|Any CPU.Build.0 = Release|Any CPU
	EndGlobalSection
	GlobalSection(SolutionProperties) = preSolution
		HideSolutionNode = FALSE
	EndGlobalSection
	GlobalSection(ExtensibilityGlobals) = postSolution
		SolutionGuid = {8CE500D1-D82C-43DE-BC16-E106DE4AB4A0}
	EndGlobalSection
EndGlobal
